
Microsoft Visual Studio Solution File, Format Version 12.00
# Visual Studio Version 16
VisualStudioVersion = 16.0.28803.452
MinimumVisualStudioVersion = 10.0.40219.1
Project("{8BC9CEB8-8B4A-11D0-8D11-00A0C91BC942}") = "t2AA", "t2AA\t2AA.vcxproj", "{0E8A5D46-8229-4E11-BB08-6714F02EBE45}"
EndProject
Global
	GlobalSection(SolutionConfigurationPlatforms) = preSolution
		Debug|x64 = Debug|x64
		Debug|x86 = Debug|x86
		Release|x64 = Release|x64
		Release|x86 = Release|x86
	EndGlobalSection
	GlobalSection(ProjectConfigurationPlatforms) = postSolution
		{0E8A5D46-8229-4E11-BB08-6714F02EBE45}.Debug|x64.ActiveCfg = Debug|x64
		{0E8A5D46-8229-4E11-BB08-6714F02EBE45}.Debug|x64.Build.0 = Debug|x64
		{0E8A5D46-8229-4E11-BB08-6714F02EBE45}.Debug|x86.ActiveCfg = Debug|Win32
		{0E8A5D46-8229-4E11-BB08-6714F02EBE45}.Debug|x86.Build.0 = Debug|Win32
		{0E8A5D46-8229-4E11-BB08-6714F02EBE45}.Release|x64.ActiveCfg = Release|x64
		{0E8A5D46-8229-4E11-BB08-6714F02EBE45}.Release|x64.Build.0 = Release|x64
		{0E8A5D46-8229-4E11-BB08-6714F02EBE45}.Release|x86.ActiveCfg = Release|Win32
		{0E8A5D46-8229-4E11-BB08-6714F02EBE45}.Release|x86.Build.0 = Release|Win32
	EndGlobalSection
	GlobalSection(SolutionProperties) = preSolution
		HideSolutionNode = FALSE
	EndGlobalSection
	GlobalSection(ExtensibilityGlobals) = postSolution
		SolutionGuid = {62397A9F-D807-4B1F-B72D-8842FC1959F5}
	EndGlobalSection
EndGlobal
